
Microsoft Visual Studio Solution File, Format Version 12.00
# Visual Studio Version 16
VisualStudioVersion = 16.0.31229.75
MinimumVisualStudioVersion = 10.0.40219.1
Project("{FAE04EC0-301F-11D3-BF4B-00C04F79EFBC}") = "RestWrapper.API", "RestWrapper.API\RestWrapper.API.csproj", "{ADF401C8-D6A3-44C3-8A08-3634DDA1D183}"
EndProject
Global
	GlobalSection(SolutionConfigurationPlatforms) = preSolution
		Debug|Any CPU = Debug|Any CPU
		Release|Any CPU = Release|Any CPU
	EndGlobalSection
	GlobalSection(ProjectConfigurationPlatforms) = postSolution
		{ADF401C8-D6A3-44C3-8A08-3634DDA1D183}.Debug|Any CPU.ActiveCfg = Debug|Any CPU
		{ADF401C8-D6A3-44C3-8A08-3634DDA1D183}.Debug|Any CPU.Build.0 = Debug|Any CPU
		{ADF401C8-D6A3-44C3-8A08-3634DDA1D183}.Release|Any CPU.ActiveCfg = Release|Any CPU
		{ADF401C8-D6A3-44C3-8A08-3634DDA1D183}.Release|Any CPU.Build.0 = Release|Any CPU
	EndGlobalSection
	GlobalSection(SolutionProperties) = preSolution
		HideSolutionNode = FALSE
	EndGlobalSection
	GlobalSection(ExtensibilityGlobals) = postSolution
		SolutionGuid = {3609CFC6-E3D5-40FE-A66C-730F6A8E8138}
	EndGlobalSection
EndGlobal
