
Microsoft Visual Studio Solution File, Format Version 12.00
# Visual Studio Version 16
VisualStudioVersion = 16.0.31229.75
MinimumVisualStudioVersion = 10.0.40219.1
Project("{9A19103F-16F7-4668-BE54-9A1E7A4F7556}") = "RestWrapper.Core", "RestWrapper.Core\RestWrapper.Core.csproj", "{7B543BC5-8C56-4C51-95D0-310D688CD9E5}"
EndProject
Project("{9A19103F-16F7-4668-BE54-9A1E7A4F7556}") = "RestWrapper.UI", "RestWrapper.UI\RestWrapper.UI.csproj", "{8787D097-C48E-4F68-8543-E33839D1E917}"
EndProject
Project("{9A19103F-16F7-4668-BE54-9A1E7A4F7556}") = "RestWrapper.Business", "RestWrapper.Business\RestWrapper.Business.csproj", "{57CC7F4B-BCDC-4A59-B347-52D154795E29}"
EndProject
Global
	GlobalSection(SolutionConfigurationPlatforms) = preSolution
		Debug|Any CPU = Debug|Any CPU
		Release|Any CPU = Release|Any CPU
	EndGlobalSection
	GlobalSection(ProjectConfigurationPlatforms) = postSolution
		{7B543BC5-8C56-4C51-95D0-310D688CD9E5}.Debug|Any CPU.ActiveCfg = Debug|Any CPU
		{7B543BC5-8C56-4C51-95D0-310D688CD9E5}.Debug|Any CPU.Build.0 = Debug|Any CPU
		{7B543BC5-8C56-4C51-95D0-310D688CD9E5}.Release|Any CPU.ActiveCfg = Release|Any CPU
		{7B543BC5-8C56-4C51-95D0-310D688CD9E5}.Release|Any CPU.Build.0 = Release|Any CPU
		{8787D097-C48E-4F68-8543-E33839D1E917}.Debug|Any CPU.ActiveCfg = Debug|Any CPU
		{8787D097-C48E-4F68-8543-E33839D1E917}.Debug|Any CPU.Build.0 = Debug|Any CPU
		{8787D097-C48E-4F68-8543-E33839D1E917}.Release|Any CPU.ActiveCfg = Release|Any CPU
		{8787D097-C48E-4F68-8543-E33839D1E917}.Release|Any CPU.Build.0 = Release|Any CPU
		{57CC7F4B-BCDC-4A59-B347-52D154795E29}.Debug|Any CPU.ActiveCfg = Debug|Any CPU
		{57CC7F4B-BCDC-4A59-B347-52D154795E29}.Debug|Any CPU.Build.0 = Debug|Any CPU
		{57CC7F4B-BCDC-4A59-B347-52D154795E29}.Release|Any CPU.ActiveCfg = Release|Any CPU
		{57CC7F4B-BCDC-4A59-B347-52D154795E29}.Release|Any CPU.Build.0 = Release|Any CPU
	EndGlobalSection
	GlobalSection(SolutionProperties) = preSolution
		HideSolutionNode = FALSE
	EndGlobalSection
	GlobalSection(ExtensibilityGlobals) = postSolution
		SolutionGuid = {3609CFC6-E3D5-40FE-A66C-730F6A8E8138}
	EndGlobalSection
EndGlobal
